
Microsoft Visual Studio Solution File, Format Version 12.00
# Visual Studio 14
VisualStudioVersion = 14.0.25420.1
MinimumVisualStudioVersion = 10.0.40219.1
Project("{FAE04EC0-301F-11D3-BF4B-00C04F79EFBC}") = "QtSharpDemos", "QtSharpDemos\QtSharpDemos.csproj", "{0E07FD9A-4282-4D26-8544-83014588AAE2}"
EndProject
Project("{2150E333-8FDC-42A3-9474-1A3956D46DE8}") = "Solution Items", "Solution Items", "{1B60AF18-C05D-4337-A4BC-3ABEC3E70FB4}"
	ProjectSection(SolutionItems) = preProject
		..\LICENSE = ..\LICENSE
		..\README.md = ..\README.md
		Rebracer.xml = Rebracer.xml
	EndProjectSection
EndProject
Project("{FAE04EC0-301F-11D3-BF4B-00C04F79EFBC}") = "QtSharpDemoApplication", "QtSharpDemoApplication\QtSharpDemoApplication.csproj", "{ADC1E1C4-91A1-4B5B-B57F-B1704ABA6758}"
EndProject
Global
	GlobalSection(SolutionConfigurationPlatforms) = preSolution
		Debug-5.2.1|x64 = Debug-5.2.1|x64
		Debug-5.2.1|x86 = Debug-5.2.1|x86
		Debug-5.8.0|x64 = Debug-5.8.0|x64
		Debug-5.8.0|x86 = Debug-5.8.0|x86
		Release-5.2.1|x64 = Release-5.2.1|x64
		Release-5.2.1|x86 = Release-5.2.1|x86
		Release-5.8.0|x64 = Release-5.8.0|x64
		Release-5.8.0|x86 = Release-5.8.0|x86
	EndGlobalSection
	GlobalSection(ProjectConfigurationPlatforms) = postSolution
		{0E07FD9A-4282-4D26-8544-83014588AAE2}.Debug-5.2.1|x64.ActiveCfg = Debug-5.2.1|x64
		{0E07FD9A-4282-4D26-8544-83014588AAE2}.Debug-5.2.1|x64.Build.0 = Debug-5.2.1|x64
		{0E07FD9A-4282-4D26-8544-83014588AAE2}.Debug-5.2.1|x86.ActiveCfg = Debug-5.2.1|x86
		{0E07FD9A-4282-4D26-8544-83014588AAE2}.Debug-5.2.1|x86.Build.0 = Debug-5.2.1|x86
		{0E07FD9A-4282-4D26-8544-83014588AAE2}.Debug-5.8.0|x64.ActiveCfg = Debug-5.8.0|x64
		{0E07FD9A-4282-4D26-8544-83014588AAE2}.Debug-5.8.0|x64.Build.0 = Debug-5.8.0|x64
		{0E07FD9A-4282-4D26-8544-83014588AAE2}.Debug-5.8.0|x86.ActiveCfg = Debug-5.8.0|x86
		{0E07FD9A-4282-4D26-8544-83014588AAE2}.Debug-5.8.0|x86.Build.0 = Debug-5.8.0|x86
		{0E07FD9A-4282-4D26-8544-83014588AAE2}.Release-5.2.1|x64.ActiveCfg = Release-5.2.1|x64
		{0E07FD9A-4282-4D26-8544-83014588AAE2}.Release-5.2.1|x64.Build.0 = Release-5.2.1|x64
		{0E07FD9A-4282-4D26-8544-83014588AAE2}.Release-5.2.1|x86.ActiveCfg = Release-5.2.1|x86
		{0E07FD9A-4282-4D26-8544-83014588AAE2}.Release-5.2.1|x86.Build.0 = Release-5.2.1|x86
		{0E07FD9A-4282-4D26-8544-83014588AAE2}.Release-5.8.0|x64.ActiveCfg = Release-5.8.0|x64
		{0E07FD9A-4282-4D26-8544-83014588AAE2}.Release-5.8.0|x64.Build.0 = Release-5.8.0|x64
		{0E07FD9A-4282-4D26-8544-83014588AAE2}.Release-5.8.0|x86.ActiveCfg = Release-5.8.0|x86
		{0E07FD9A-4282-4D26-8544-83014588AAE2}.Release-5.8.0|x86.Build.0 = Release-5.8.0|x86
		{ADC1E1C4-91A1-4B5B-B57F-B1704ABA6758}.Debug-5.2.1|x64.ActiveCfg = Debug-5.2.1|x64
		{ADC1E1C4-91A1-4B5B-B57F-B1704ABA6758}.Debug-5.2.1|x64.Build.0 = Debug-5.2.1|x64
		{ADC1E1C4-91A1-4B5B-B57F-B1704ABA6758}.Debug-5.2.1|x86.ActiveCfg = Debug-5.2.1|x86
		{ADC1E1C4-91A1-4B5B-B57F-B1704ABA6758}.Debug-5.2.1|x86.Build.0 = Debug-5.2.1|x86
		{ADC1E1C4-91A1-4B5B-B57F-B1704ABA6758}.Debug-5.8.0|x64.ActiveCfg = Debug-5.8.0|x64
		{ADC1E1C4-91A1-4B5B-B57F-B1704ABA6758}.Debug-5.8.0|x64.Build.0 = Debug-5.8.0|x64
		{ADC1E1C4-91A1-4B5B-B57F-B1704ABA6758}.Debug-5.8.0|x86.ActiveCfg = Debug-5.8.0|x86
		{ADC1E1C4-91A1-4B5B-B57F-B1704ABA6758}.Debug-5.8.0|x86.Build.0 = Debug-5.8.0|x86
		{ADC1E1C4-91A1-4B5B-B57F-B1704ABA6758}.Release-5.2.1|x64.ActiveCfg = Release-5.2.1|x64
		{ADC1E1C4-91A1-4B5B-B57F-B1704ABA6758}.Release-5.2.1|x64.Build.0 = Release-5.2.1|x64
		{ADC1E1C4-91A1-4B5B-B57F-B1704ABA6758}.Release-5.2.1|x86.ActiveCfg = Release-5.2.1|x86
		{ADC1E1C4-91A1-4B5B-B57F-B1704ABA6758}.Release-5.2.1|x86.Build.0 = Release-5.2.1|x86
		{ADC1E1C4-91A1-4B5B-B57F-B1704ABA6758}.Release-5.8.0|x64.ActiveCfg = Release-5.8.0|x64
		{ADC1E1C4-91A1-4B5B-B57F-B1704ABA6758}.Release-5.8.0|x64.Build.0 = Release-5.8.0|x64
		{ADC1E1C4-91A1-4B5B-B57F-B1704ABA6758}.Release-5.8.0|x86.ActiveCfg = Release-5.8.0|x86
		{ADC1E1C4-91A1-4B5B-B57F-B1704ABA6758}.Release-5.8.0|x86.Build.0 = Release-5.8.0|x86
	EndGlobalSection
	GlobalSection(SolutionProperties) = preSolution
		HideSolutionNode = FALSE
	EndGlobalSection
EndGlobal
